// !$*UTF8*$!
{
	archiveVersion = 1;
	classes = {
	};
	objectVersion = 48;
	objects = {

/* Begin PBXBuildFile section */
		891D3C3A20A3BCA50024978F /* TimelinePeriod.swift in Sources */ = {isa = PBXBuildFile; fileRef = 891D3C3920A3BCA50024978F /* TimelinePeriod.swift */; };
		892BE721205F87FA009493EE /* DeltaRecordingNighscoutEntry.swift in Sources */ = {isa = PBXBuildFile; fileRef = 892BE720205F87FA009493EE /* DeltaRecordingNighscoutEntry.swift */; };
		892BE726205F8BA2009493EE /* NightscoutEntryProtocol.swift in Sources */ = {isa = PBXBuildFile; fileRef = 892BE725205F8BA2009493EE /* NightscoutEntryProtocol.swift */; };
		892BE72B205F8BE5009493EE /* NightscoutEntrySource.swift in Sources */ = {isa = PBXBuildFile; fileRef = 892BE72A205F8BE5009493EE /* NightscoutEntrySource.swift */; };
		892BE73520632970009493EE /* BloodGlucoseValue.swift in Sources */ = {isa = PBXBuildFile; fileRef = 892BE73420632970009493EE /* BloodGlucoseValue.swift */; };
		892FBE6D2059E7C6003D74F8 /* BatteryIndicator.swift in Sources */ = {isa = PBXBuildFile; fileRef = 892FBE6C2059E7C6003D74F8 /* BatteryIndicator.swift */; };
		892FBE6F2059E849003D74F8 /* BatteryStatusProtocol.swift in Sources */ = {isa = PBXBuildFile; fileRef = 892FBE6E2059E849003D74F8 /* BatteryStatusProtocol.swift */; };
		892FBE712059EA35003D74F8 /* PumpStatusProtocol.swift in Sources */ = {isa = PBXBuildFile; fileRef = 892FBE702059EA35003D74F8 /* PumpStatusProtocol.swift */; };
		892FBE732059EB0F003D74F8 /* AnyPumpStatus.swift in Sources */ = {isa = PBXBuildFile; fileRef = 892FBE722059EB0F003D74F8 /* AnyPumpStatus.swift */; };
		892FBE752059EC7D003D74F8 /* UploaderStatusProtocol.swift in Sources */ = {isa = PBXBuildFile; fileRef = 892FBE742059EC7D003D74F8 /* UploaderStatusProtocol.swift */; };
		892FBE772059F069003D74F8 /* PredictedBloodGlucoseValue.swift in Sources */ = {isa = PBXBuildFile; fileRef = 892FBE762059F069003D74F8 /* PredictedBloodGlucoseValue.swift */; };
		892FBE79205A0286003D74F8 /* TemporaryBasalProtocol.swift in Sources */ = {isa = PBXBuildFile; fileRef = 892FBE78205A0286003D74F8 /* TemporaryBasalProtocol.swift */; };
		892FBE7B205A0662003D74F8 /* InsulinOnBoardStatusProtocol.swift in Sources */ = {isa = PBXBuildFile; fileRef = 892FBE7A205A0662003D74F8 /* InsulinOnBoardStatusProtocol.swift */; };
		892FBE7D205A09F0003D74F8 /* ClosedLoopStatusProtocol.swift in Sources */ = {isa = PBXBuildFile; fileRef = 892FBE7C205A09F0003D74F8 /* ClosedLoopStatusProtocol.swift */; };
		892FBE7F205A0A9D003D74F8 /* AnyClosedLoopStatus.swift in Sources */ = {isa = PBXBuildFile; fileRef = 892FBE7E205A0A9D003D74F8 /* AnyClosedLoopStatus.swift */; };
		8936948E20FEEB9D00C2DAD0 /* NightscoutObserver.swift in Sources */ = {isa = PBXBuildFile; fileRef = 8936948D20FEEB9D00C2DAD0 /* NightscoutObserver.swift */; };
		8939D03420A8E371009EFFBB /* NightscoutRouter.swift in Sources */ = {isa = PBXBuildFile; fileRef = 8939D03320A8E371009EFFBB /* NightscoutRouter.swift */; };
		8939D03A20A8E42E009EFFBB /* NightscoutQueryItem.swift in Sources */ = {isa = PBXBuildFile; fileRef = 8939D03920A8E42E009EFFBB /* NightscoutQueryItem.swift */; };
		8939D04420A8E635009EFFBB /* NightscoutAPIEndpoint.swift in Sources */ = {isa = PBXBuildFile; fileRef = 8939D04320A8E635009EFFBB /* NightscoutAPIEndpoint.swift */; };
		8939D04920A8ECA5009EFFBB /* HTTPMethod.swift in Sources */ = {isa = PBXBuildFile; fileRef = 8939D04820A8ECA5009EFFBB /* HTTPMethod.swift */; };
		893A991D2069C1C000D41D9A /* RandomAccessCollection.swift in Sources */ = {isa = PBXBuildFile; fileRef = 893A991C2069C1C000D41D9A /* RandomAccessCollection.swift */; };
		896A771920A3C0FA00BFC5FF /* ExerciseEvent.swift in Sources */ = {isa = PBXBuildFile; fileRef = 896A771820A3C0FA00BFC5FF /* ExerciseEvent.swift */; };
		896A771E20A3C5F000BFC5FF /* NoteEvent.swift in Sources */ = {isa = PBXBuildFile; fileRef = 896A771D20A3C5F000BFC5FF /* NoteEvent.swift */; };
		896DCAE420A7F2550059AA30 /* BolusEvent.swift in Sources */ = {isa = PBXBuildFile; fileRef = 896DCAE320A7F2550059AA30 /* BolusEvent.swift */; };
		896DCAE920A7F3250059AA30 /* TemporaryBasalEvent.swift in Sources */ = {isa = PBXBuildFile; fileRef = 896DCAE820A7F3250059AA30 /* TemporaryBasalEvent.swift */; };
		896FB45D20507EB10021107F /* JSONKey.swift in Sources */ = {isa = PBXBuildFile; fileRef = 896FB45C20507EB10021107F /* JSONKey.swift */; };
		896FB45F2050BBFC0021107F /* NightscoutStatus.swift in Sources */ = {isa = PBXBuildFile; fileRef = 896FB45E2050BBFC0021107F /* NightscoutStatus.swift */; };
		896FB4612050CEA90021107F /* NightscoutDeviceStatus.swift in Sources */ = {isa = PBXBuildFile; fileRef = 896FB4602050CEA90021107F /* NightscoutDeviceStatus.swift */; };
		896FB46D20520F240021107F /* OpenAPSDeviceStatus.swift in Sources */ = {isa = PBXBuildFile; fileRef = 896FB46C20520F240021107F /* OpenAPSDeviceStatus.swift */; };
		896FB471205245240021107F /* openapsstatus.json in Resources */ = {isa = PBXBuildFile; fileRef = 896FB470205245240021107F /* openapsstatus.json */; };
		896FF5862048C7510054198A /* NightscoutKit.framework in Frameworks */ = {isa = PBXBuildFile; fileRef = 896FF57C2048C7510054198A /* NightscoutKit.framework */; };
		896FF58B2048C7510054198A /* NightscoutKitTests.swift in Sources */ = {isa = PBXBuildFile; fileRef = 896FF58A2048C7510054198A /* NightscoutKitTests.swift */; };
		896FF58D2048C7510054198A /* NightscoutKit.h in Headers */ = {isa = PBXBuildFile; fileRef = 896FF57F2048C7510054198A /* NightscoutKit.h */; settings = {ATTRIBUTES = (Public, ); }; };
		896FF5A92048C77B0054198A /* Dictionary.swift in Sources */ = {isa = PBXBuildFile; fileRef = 896FF5992048C77A0054198A /* Dictionary.swift */; };
		896FF5AA2048C77B0054198A /* URL.swift in Sources */ = {isa = PBXBuildFile; fileRef = 896FF59A2048C77A0054198A /* URL.swift */; };
		896FF5AC2048C77B0054198A /* TimeInterval.swift in Sources */ = {isa = PBXBuildFile; fileRef = 896FF59C2048C77A0054198A /* TimeInterval.swift */; };
		896FF5AD2048C77B0054198A /* NightscoutTreatment.swift in Sources */ = {isa = PBXBuildFile; fileRef = 896FF59E2048C77B0054198A /* NightscoutTreatment.swift */; };
		896FF5AE2048C77B0054198A /* TimeFormatter.swift in Sources */ = {isa = PBXBuildFile; fileRef = 896FF59F2048C77B0054198A /* TimeFormatter.swift */; };
		896FF5AF2048C77B0054198A /* BloodGlucoseUnit.swift in Sources */ = {isa = PBXBuildFile; fileRef = 896FF5A02048C77B0054198A /* BloodGlucoseUnit.swift */; };
		896FF5B02048C77B0054198A /* NightscoutEntry.swift in Sources */ = {isa = PBXBuildFile; fileRef = 896FF5A12048C77B0054198A /* NightscoutEntry.swift */; };
		896FF5B22048C77B0054198A /* NightscoutProfile.swift in Sources */ = {isa = PBXBuildFile; fileRef = 896FF5A32048C77B0054198A /* NightscoutProfile.swift */; };
		896FF5B32048C77B0054198A /* NightscoutProfileRecord.swift in Sources */ = {isa = PBXBuildFile; fileRef = 896FF5A42048C77B0054198A /* NightscoutProfileRecord.swift */; };
		896FF5B42048C77B0054198A /* BloodGlucoseTrend.swift in Sources */ = {isa = PBXBuildFile; fileRef = 896FF5A52048C77B0054198A /* BloodGlucoseTrend.swift */; };
		896FF5B62048C77B0054198A /* NightscoutSettings.swift in Sources */ = {isa = PBXBuildFile; fileRef = 896FF5A72048C77B0054198A /* NightscoutSettings.swift */; };
		896FF5BC2048C7A30054198A /* JSONConvertible.swift in Sources */ = {isa = PBXBuildFile; fileRef = 896FF5B82048C7A30054198A /* JSONConvertible.swift */; };
		896FF5BF2048C7A30054198A /* PartiallyRawRepresentable.swift in Sources */ = {isa = PBXBuildFile; fileRef = 896FF5BB2048C7A30054198A /* PartiallyRawRepresentable.swift */; };
		896FF5C62048C7FC0054198A /* treatments.json in Resources */ = {isa = PBXBuildFile; fileRef = 896FF5C12048C7FC0054198A /* treatments.json */; };
		896FF5C72048C7FC0054198A /* entries.json in Resources */ = {isa = PBXBuildFile; fileRef = 896FF5C22048C7FC0054198A /* entries.json */; };
		896FF5C82048C7FC0054198A /* profiles.json in Resources */ = {isa = PBXBuildFile; fileRef = 896FF5C32048C7FC0054198A /* profiles.json */; };
		896FF5C92048C7FC0054198A /* XCTestCase.swift in Sources */ = {isa = PBXBuildFile; fileRef = 896FF5C52048C7FC0054198A /* XCTestCase.swift */; };
		896FF5CB2048C9DC0054198A /* NightscoutSnapshot.swift in Sources */ = {isa = PBXBuildFile; fileRef = 896FF5CA2048C9DC0054198A /* NightscoutSnapshot.swift */; };
		896FF5D2204BB9810054198A /* String.swift in Sources */ = {isa = PBXBuildFile; fileRef = 896FF5D1204BB9810054198A /* String.swift */; };
		89704BE32123D1150042284C /* SyncManager.swift in Sources */ = {isa = PBXBuildFile; fileRef = 89704BE22123D1150042284C /* SyncManager.swift */; };
		89704BE82123D13D0042284C /* SortedArray.swift in Sources */ = {isa = PBXBuildFile; fileRef = 89704BE72123D13D0042284C /* SortedArray.swift */; };
		89704BF22123D8B70042284C /* NightscoutTreatmentSyncManager.swift in Sources */ = {isa = PBXBuildFile; fileRef = 89704BF12123D8B70042284C /* NightscoutTreatmentSyncManager.swift */; };
		89704BF72123D99D0042284C /* NightscoutProfileRecordSyncManager.swift in Sources */ = {isa = PBXBuildFile; fileRef = 89704BF62123D99D0042284C /* NightscoutProfileRecordSyncManager.swift */; };
		89704BFD2123E2500042284C /* NightscoutDataManager.swift in Sources */ = {isa = PBXBuildFile; fileRef = 89704BFC2123E2500042284C /* NightscoutDataManager.swift */; };
		897162232058A21E005D5030 /* LoopDeviceStatus.swift in Sources */ = {isa = PBXBuildFile; fileRef = 897162222058A21E005D5030 /* LoopDeviceStatus.swift */; };
		899FD36E20E1DE8800FDEAA8 /* NightscoutDownloader.swift in Sources */ = {isa = PBXBuildFile; fileRef = 899FD36D20E1DE8800FDEAA8 /* NightscoutDownloader.swift */; };
		899FD37320E1E07500FDEAA8 /* URLSessionProvider.swift in Sources */ = {isa = PBXBuildFile; fileRef = 899FD37220E1E07500FDEAA8 /* URLSessionProvider.swift */; };
		899FD37820E1E1A400FDEAA8 /* Observable.swift in Sources */ = {isa = PBXBuildFile; fileRef = 899FD37720E1E1A400FDEAA8 /* Observable.swift */; };
		899FD37D20E1EA5400FDEAA8 /* NightscoutDownloaderCredentials.swift in Sources */ = {isa = PBXBuildFile; fileRef = 899FD37C20E1EA5400FDEAA8 /* NightscoutDownloaderCredentials.swift */; };
		899FD38720E1FE8400FDEAA8 /* WeakBox.swift in Sources */ = {isa = PBXBuildFile; fileRef = 899FD38620E1FE8400FDEAA8 /* WeakBox.swift */; };
		899FD38C20E2076D00FDEAA8 /* NightscoutDownloaderObserver.swift in Sources */ = {isa = PBXBuildFile; fileRef = 899FD38B20E2076D00FDEAA8 /* NightscoutDownloaderObserver.swift */; };
		899FD39120FD85B000FDEAA8 /* NightscoutUploaderCredentials.swift in Sources */ = {isa = PBXBuildFile; fileRef = 899FD39020FD85B000FDEAA8 /* NightscoutUploaderCredentials.swift */; };
		899FD39620FD866600FDEAA8 /* NightscoutUploader.swift in Sources */ = {isa = PBXBuildFile; fileRef = 899FD39520FD866600FDEAA8 /* NightscoutUploader.swift */; };
		899FD39B20FD868400FDEAA8 /* NightscoutUploaderObserver.swift in Sources */ = {isa = PBXBuildFile; fileRef = 899FD39A20FD868400FDEAA8 /* NightscoutUploaderObserver.swift */; };
		89AFA447206558A00013C5FB /* NightscoutResult.swift in Sources */ = {isa = PBXBuildFile; fileRef = 89AFA446206558A00013C5FB /* NightscoutResult.swift */; };
		89AFA451206563E20013C5FB /* NightscoutLogger.swift in Sources */ = {isa = PBXBuildFile; fileRef = 89AFA450206563E20013C5FB /* NightscoutLogger.swift */; };
		89CD6856208D5C50007EE41D /* BloodGlucoseEntry.swift in Sources */ = {isa = PBXBuildFile; fileRef = 89CD6855208D5C50007EE41D /* BloodGlucoseEntry.swift */; };
		89CE6750209D7935007F019A /* ComboBolus.swift in Sources */ = {isa = PBXBuildFile; fileRef = 89CE674F209D7935007F019A /* ComboBolus.swift */; };
		89CE6755209D7FBF007F019A /* Bolus.swift in Sources */ = {isa = PBXBuildFile; fileRef = 89CE6754209D7FBF007F019A /* Bolus.swift */; };
		89CE675F209E1BA3007F019A /* TemporaryBasal.swift in Sources */ = {isa = PBXBuildFile; fileRef = 89CE675E209E1BA3007F019A /* TemporaryBasal.swift */; };
		89CE6764209E1BDC007F019A /* TemporaryBasalType.swift in Sources */ = {isa = PBXBuildFile; fileRef = 89CE6763209E1BDC007F019A /* TemporaryBasalType.swift */; };
		89D48E36204FA3980066B293 /* DataConvertible.swift in Sources */ = {isa = PBXBuildFile; fileRef = 89D48E34204FA3310066B293 /* DataConvertible.swift */; };
		89D48E39204FAC6A0066B293 /* AnyJSON.swift in Sources */ = {isa = PBXBuildFile; fileRef = 89D48E37204FAC0E0066B293 /* AnyJSON.swift */; };
		89D8F933206620BE00E8A13B /* BloodGlucoseUnitConvertible.swift in Sources */ = {isa = PBXBuildFile; fileRef = 89D8F932206620BE00E8A13B /* BloodGlucoseUnitConvertible.swift */; };
		89D8F938206623EE00E8A13B /* NightscoutDataStore.swift in Sources */ = {isa = PBXBuildFile; fileRef = 89D8F937206623EE00E8A13B /* NightscoutDataStore.swift */; };
		89D8F93D2066EA9800E8A13B /* TimelineValue.swift in Sources */ = {isa = PBXBuildFile; fileRef = 89D8F93C2066EA9800E8A13B /* TimelineValue.swift */; };
		89D8F9422066F02A00E8A13B /* NightscoutError.swift in Sources */ = {isa = PBXBuildFile; fileRef = 89D8F9412066F02A00E8A13B /* NightscoutError.swift */; };
		89EBF23C209683CF00803A5A /* Date.swift in Sources */ = {isa = PBXBuildFile; fileRef = 89EBF23B209683CF00803A5A /* Date.swift */; };
		89F0D19020A4BC4F008764B7 /* NightscoutIdentifier.swift in Sources */ = {isa = PBXBuildFile; fileRef = 89F0D18F20A4BC4F008764B7 /* NightscoutIdentifier.swift */; };
		89F0D19520A4BD6A008764B7 /* NightscoutIdentifiable.swift in Sources */ = {isa = PBXBuildFile; fileRef = 89F0D19420A4BD6A008764B7 /* NightscoutIdentifiable.swift */; };
		89F0D19A20A55D54008764B7 /* ProfileSwitchEvent.swift in Sources */ = {isa = PBXBuildFile; fileRef = 89F0D19920A55D54008764B7 /* ProfileSwitchEvent.swift */; };
		89F4C6A12058C0D000C14F93 /* loopdevicestatus.json in Resources */ = {isa = PBXBuildFile; fileRef = 89F4C6A02058C0D000C14F93 /* loopdevicestatus.json */; };
/* End PBXBuildFile section */

/* Begin PBXContainerItemProxy section */
		896FF5872048C7510054198A /* PBXContainerItemProxy */ = {
			isa = PBXContainerItemProxy;
			containerPortal = 896FF5732048C7510054198A /* Project object */;
			proxyType = 1;
			remoteGlobalIDString = 896FF57B2048C7510054198A;
			remoteInfo = NightscoutKit;
		};
/* End PBXContainerItemProxy section */

/* Begin PBXFileReference section */
		891D3C3920A3BCA50024978F /* TimelinePeriod.swift */ = {isa = PBXFileReference; lastKnownFileType = sourcecode.swift; path = TimelinePeriod.swift; sourceTree = "<group>"; };
		892BE720205F87FA009493EE /* DeltaRecordingNighscoutEntry.swift */ = {isa = PBXFileReference; lastKnownFileType = sourcecode.swift; path = DeltaRecordingNighscoutEntry.swift; sourceTree = "<group>"; };
		892BE725205F8BA2009493EE /* NightscoutEntryProtocol.swift */ = {isa = PBXFileReference; lastKnownFileType = sourcecode.swift; path = NightscoutEntryProtocol.swift; sourceTree = "<group>"; };
		892BE72A205F8BE5009493EE /* NightscoutEntrySource.swift */ = {isa = PBXFileReference; lastKnownFileType = sourcecode.swift; path = NightscoutEntrySource.swift; sourceTree = "<group>"; };
		892BE73420632970009493EE /* BloodGlucoseValue.swift */ = {isa = PBXFileReference; lastKnownFileType = sourcecode.swift; path = BloodGlucoseValue.swift; sourceTree = "<group>"; };
		892FBE6C2059E7C6003D74F8 /* BatteryIndicator.swift */ = {isa = PBXFileReference; lastKnownFileType = sourcecode.swift; path = BatteryIndicator.swift; sourceTree = "<group>"; };
		892FBE6E2059E849003D74F8 /* BatteryStatusProtocol.swift */ = {isa = PBXFileReference; lastKnownFileType = sourcecode.swift; path = BatteryStatusProtocol.swift; sourceTree = "<group>"; };
		892FBE702059EA35003D74F8 /* PumpStatusProtocol.swift */ = {isa = PBXFileReference; lastKnownFileType = sourcecode.swift; path = PumpStatusProtocol.swift; sourceTree = "<group>"; };
		892FBE722059EB0F003D74F8 /* AnyPumpStatus.swift */ = {isa = PBXFileReference; lastKnownFileType = sourcecode.swift; path = AnyPumpStatus.swift; sourceTree = "<group>"; };
		892FBE742059EC7D003D74F8 /* UploaderStatusProtocol.swift */ = {isa = PBXFileReference; lastKnownFileType = sourcecode.swift; path = UploaderStatusProtocol.swift; sourceTree = "<group>"; };
		892FBE762059F069003D74F8 /* PredictedBloodGlucoseValue.swift */ = {isa = PBXFileReference; lastKnownFileType = sourcecode.swift; path = PredictedBloodGlucoseValue.swift; sourceTree = "<group>"; };
		892FBE78205A0286003D74F8 /* TemporaryBasalProtocol.swift */ = {isa = PBXFileReference; lastKnownFileType = sourcecode.swift; path = TemporaryBasalProtocol.swift; sourceTree = "<group>"; };
		892FBE7A205A0662003D74F8 /* InsulinOnBoardStatusProtocol.swift */ = {isa = PBXFileReference; lastKnownFileType = sourcecode.swift; path = InsulinOnBoardStatusProtocol.swift; sourceTree = "<group>"; };
		892FBE7C205A09F0003D74F8 /* ClosedLoopStatusProtocol.swift */ = {isa = PBXFileReference; lastKnownFileType = sourcecode.swift; path = ClosedLoopStatusProtocol.swift; sourceTree = "<group>"; };
		892FBE7E205A0A9D003D74F8 /* AnyClosedLoopStatus.swift */ = {isa = PBXFileReference; lastKnownFileType = sourcecode.swift; path = AnyClosedLoopStatus.swift; sourceTree = "<group>"; };
		8936948D20FEEB9D00C2DAD0 /* NightscoutObserver.swift */ = {isa = PBXFileReference; lastKnownFileType = sourcecode.swift; path = NightscoutObserver.swift; sourceTree = "<group>"; };
		8939D03320A8E371009EFFBB /* NightscoutRouter.swift */ = {isa = PBXFileReference; lastKnownFileType = sourcecode.swift; path = NightscoutRouter.swift; sourceTree = "<group>"; };
		8939D03920A8E42E009EFFBB /* NightscoutQueryItem.swift */ = {isa = PBXFileReference; lastKnownFileType = sourcecode.swift; path = NightscoutQueryItem.swift; sourceTree = "<group>"; };
		8939D04320A8E635009EFFBB /* NightscoutAPIEndpoint.swift */ = {isa = PBXFileReference; lastKnownFileType = sourcecode.swift; path = NightscoutAPIEndpoint.swift; sourceTree = "<group>"; };
		8939D04820A8ECA5009EFFBB /* HTTPMethod.swift */ = {isa = PBXFileReference; lastKnownFileType = sourcecode.swift; path = HTTPMethod.swift; sourceTree = "<group>"; };
		893A991C2069C1C000D41D9A /* RandomAccessCollection.swift */ = {isa = PBXFileReference; lastKnownFileType = sourcecode.swift; path = RandomAccessCollection.swift; sourceTree = "<group>"; };
		896A771820A3C0FA00BFC5FF /* ExerciseEvent.swift */ = {isa = PBXFileReference; lastKnownFileType = sourcecode.swift; path = ExerciseEvent.swift; sourceTree = "<group>"; };
		896A771D20A3C5F000BFC5FF /* NoteEvent.swift */ = {isa = PBXFileReference; lastKnownFileType = sourcecode.swift; path = NoteEvent.swift; sourceTree = "<group>"; };
		896DCAE320A7F2550059AA30 /* BolusEvent.swift */ = {isa = PBXFileReference; lastKnownFileType = sourcecode.swift; path = BolusEvent.swift; sourceTree = "<group>"; };
		896DCAE820A7F3250059AA30 /* TemporaryBasalEvent.swift */ = {isa = PBXFileReference; lastKnownFileType = sourcecode.swift; path = TemporaryBasalEvent.swift; sourceTree = "<group>"; };
		896FB45C20507EB10021107F /* JSONKey.swift */ = {isa = PBXFileReference; lastKnownFileType = sourcecode.swift; path = JSONKey.swift; sourceTree = "<group>"; };
		896FB45E2050BBFC0021107F /* NightscoutStatus.swift */ = {isa = PBXFileReference; lastKnownFileType = sourcecode.swift; path = NightscoutStatus.swift; sourceTree = "<group>"; };
		896FB4602050CEA90021107F /* NightscoutDeviceStatus.swift */ = {isa = PBXFileReference; lastKnownFileType = sourcecode.swift; path = NightscoutDeviceStatus.swift; sourceTree = "<group>"; };
		896FB46C20520F240021107F /* OpenAPSDeviceStatus.swift */ = {isa = PBXFileReference; lastKnownFileType = sourcecode.swift; path = OpenAPSDeviceStatus.swift; sourceTree = "<group>"; };
		896FB470205245240021107F /* openapsstatus.json */ = {isa = PBXFileReference; fileEncoding = 4; lastKnownFileType = text.json; path = openapsstatus.json; sourceTree = "<group>"; };
		896FF57C2048C7510054198A /* NightscoutKit.framework */ = {isa = PBXFileReference; explicitFileType = wrapper.framework; includeInIndex = 0; path = NightscoutKit.framework; sourceTree = BUILT_PRODUCTS_DIR; };
		896FF57F2048C7510054198A /* NightscoutKit.h */ = {isa = PBXFileReference; lastKnownFileType = sourcecode.c.h; path = NightscoutKit.h; sourceTree = "<group>"; };
		896FF5802048C7510054198A /* Info.plist */ = {isa = PBXFileReference; lastKnownFileType = text.plist.xml; path = Info.plist; sourceTree = "<group>"; };
		896FF5852048C7510054198A /* NightscoutKitTests.xctest */ = {isa = PBXFileReference; explicitFileType = wrapper.cfbundle; includeInIndex = 0; path = NightscoutKitTests.xctest; sourceTree = BUILT_PRODUCTS_DIR; };
		896FF58A2048C7510054198A /* NightscoutKitTests.swift */ = {isa = PBXFileReference; lastKnownFileType = sourcecode.swift; path = NightscoutKitTests.swift; sourceTree = "<group>"; };
		896FF58C2048C7510054198A /* Info.plist */ = {isa = PBXFileReference; lastKnownFileType = text.plist.xml; path = Info.plist; sourceTree = "<group>"; };
		896FF5992048C77A0054198A /* Dictionary.swift */ = {isa = PBXFileReference; fileEncoding = 4; lastKnownFileType = sourcecode.swift; path = Dictionary.swift; sourceTree = "<group>"; };
		896FF59A2048C77A0054198A /* URL.swift */ = {isa = PBXFileReference; fileEncoding = 4; lastKnownFileType = sourcecode.swift; path = URL.swift; sourceTree = "<group>"; };
		896FF59C2048C77A0054198A /* TimeInterval.swift */ = {isa = PBXFileReference; fileEncoding = 4; lastKnownFileType = sourcecode.swift; path = TimeInterval.swift; sourceTree = "<group>"; };
		896FF59E2048C77B0054198A /* NightscoutTreatment.swift */ = {isa = PBXFileReference; fileEncoding = 4; lastKnownFileType = sourcecode.swift; path = NightscoutTreatment.swift; sourceTree = "<group>"; };
		896FF59F2048C77B0054198A /* TimeFormatter.swift */ = {isa = PBXFileReference; fileEncoding = 4; lastKnownFileType = sourcecode.swift; path = TimeFormatter.swift; sourceTree = "<group>"; };
		896FF5A02048C77B0054198A /* BloodGlucoseUnit.swift */ = {isa = PBXFileReference; fileEncoding = 4; lastKnownFileType = sourcecode.swift; path = BloodGlucoseUnit.swift; sourceTree = "<group>"; };
		896FF5A12048C77B0054198A /* NightscoutEntry.swift */ = {isa = PBXFileReference; fileEncoding = 4; lastKnownFileType = sourcecode.swift; path = NightscoutEntry.swift; sourceTree = "<group>"; };
		896FF5A32048C77B0054198A /* NightscoutProfile.swift */ = {isa = PBXFileReference; fileEncoding = 4; lastKnownFileType = sourcecode.swift; path = NightscoutProfile.swift; sourceTree = "<group>"; };
		896FF5A42048C77B0054198A /* NightscoutProfileRecord.swift */ = {isa = PBXFileReference; fileEncoding = 4; lastKnownFileType = sourcecode.swift; path = NightscoutProfileRecord.swift; sourceTree = "<group>"; };
		896FF5A52048C77B0054198A /* BloodGlucoseTrend.swift */ = {isa = PBXFileReference; fileEncoding = 4; lastKnownFileType = sourcecode.swift; path = BloodGlucoseTrend.swift; sourceTree = "<group>"; };
		896FF5A72048C77B0054198A /* NightscoutSettings.swift */ = {isa = PBXFileReference; fileEncoding = 4; lastKnownFileType = sourcecode.swift; path = NightscoutSettings.swift; sourceTree = "<group>"; };
		896FF5B82048C7A30054198A /* JSONConvertible.swift */ = {isa = PBXFileReference; fileEncoding = 4; lastKnownFileType = sourcecode.swift; path = JSONConvertible.swift; sourceTree = "<group>"; };
		896FF5BB2048C7A30054198A /* PartiallyRawRepresentable.swift */ = {isa = PBXFileReference; fileEncoding = 4; lastKnownFileType = sourcecode.swift; path = PartiallyRawRepresentable.swift; sourceTree = "<group>"; };
		896FF5C12048C7FC0054198A /* treatments.json */ = {isa = PBXFileReference; fileEncoding = 4; lastKnownFileType = text.json; path = treatments.json; sourceTree = "<group>"; };
		896FF5C22048C7FC0054198A /* entries.json */ = {isa = PBXFileReference; fileEncoding = 4; lastKnownFileType = text.json; path = entries.json; sourceTree = "<group>"; };
		896FF5C32048C7FC0054198A /* profiles.json */ = {isa = PBXFileReference; fileEncoding = 4; lastKnownFileType = text.json; path = profiles.json; sourceTree = "<group>"; };
		896FF5C52048C7FC0054198A /* XCTestCase.swift */ = {isa = PBXFileReference; fileEncoding = 4; lastKnownFileType = sourcecode.swift; path = XCTestCase.swift; sourceTree = "<group>"; };
		896FF5CA2048C9DC0054198A /* NightscoutSnapshot.swift */ = {isa = PBXFileReference; lastKnownFileType = sourcecode.swift; path = NightscoutSnapshot.swift; sourceTree = "<group>"; };
		896FF5D1204BB9810054198A /* String.swift */ = {isa = PBXFileReference; lastKnownFileType = sourcecode.swift; path = String.swift; sourceTree = "<group>"; };
		89704BE22123D1150042284C /* SyncManager.swift */ = {isa = PBXFileReference; lastKnownFileType = sourcecode.swift; path = SyncManager.swift; sourceTree = "<group>"; };
		89704BE72123D13D0042284C /* SortedArray.swift */ = {isa = PBXFileReference; lastKnownFileType = sourcecode.swift; path = SortedArray.swift; sourceTree = "<group>"; };
		89704BF12123D8B70042284C /* NightscoutTreatmentSyncManager.swift */ = {isa = PBXFileReference; lastKnownFileType = sourcecode.swift; path = NightscoutTreatmentSyncManager.swift; sourceTree = "<group>"; };
		89704BF62123D99D0042284C /* NightscoutProfileRecordSyncManager.swift */ = {isa = PBXFileReference; lastKnownFileType = sourcecode.swift; path = NightscoutProfileRecordSyncManager.swift; sourceTree = "<group>"; };
		89704BFC2123E2500042284C /* NightscoutDataManager.swift */ = {isa = PBXFileReference; lastKnownFileType = sourcecode.swift; path = NightscoutDataManager.swift; sourceTree = "<group>"; };
		897162222058A21E005D5030 /* LoopDeviceStatus.swift */ = {isa = PBXFileReference; lastKnownFileType = sourcecode.swift; path = LoopDeviceStatus.swift; sourceTree = "<group>"; };
		899FD36D20E1DE8800FDEAA8 /* NightscoutDownloader.swift */ = {isa = PBXFileReference; lastKnownFileType = sourcecode.swift; path = NightscoutDownloader.swift; sourceTree = "<group>"; };
		899FD37220E1E07500FDEAA8 /* URLSessionProvider.swift */ = {isa = PBXFileReference; lastKnownFileType = sourcecode.swift; path = URLSessionProvider.swift; sourceTree = "<group>"; };
		899FD37720E1E1A400FDEAA8 /* Observable.swift */ = {isa = PBXFileReference; lastKnownFileType = sourcecode.swift; path = Observable.swift; sourceTree = "<group>"; };
		899FD37C20E1EA5400FDEAA8 /* NightscoutDownloaderCredentials.swift */ = {isa = PBXFileReference; lastKnownFileType = sourcecode.swift; path = NightscoutDownloaderCredentials.swift; sourceTree = "<group>"; };
		899FD38620E1FE8400FDEAA8 /* WeakBox.swift */ = {isa = PBXFileReference; lastKnownFileType = sourcecode.swift; path = WeakBox.swift; sourceTree = "<group>"; };
		899FD38B20E2076D00FDEAA8 /* NightscoutDownloaderObserver.swift */ = {isa = PBXFileReference; lastKnownFileType = sourcecode.swift; path = NightscoutDownloaderObserver.swift; sourceTree = "<group>"; };
		899FD39020FD85B000FDEAA8 /* NightscoutUploaderCredentials.swift */ = {isa = PBXFileReference; lastKnownFileType = sourcecode.swift; path = NightscoutUploaderCredentials.swift; sourceTree = "<group>"; };
		899FD39520FD866600FDEAA8 /* NightscoutUploader.swift */ = {isa = PBXFileReference; lastKnownFileType = sourcecode.swift; path = NightscoutUploader.swift; sourceTree = "<group>"; };
		899FD39A20FD868400FDEAA8 /* NightscoutUploaderObserver.swift */ = {isa = PBXFileReference; lastKnownFileType = sourcecode.swift; path = NightscoutUploaderObserver.swift; sourceTree = "<group>"; };
		89AFA446206558A00013C5FB /* NightscoutResult.swift */ = {isa = PBXFileReference; lastKnownFileType = sourcecode.swift; path = NightscoutResult.swift; sourceTree = "<group>"; };
		89AFA450206563E20013C5FB /* NightscoutLogger.swift */ = {isa = PBXFileReference; lastKnownFileType = sourcecode.swift; path = NightscoutLogger.swift; sourceTree = "<group>"; };
		89CD6855208D5C50007EE41D /* BloodGlucoseEntry.swift */ = {isa = PBXFileReference; lastKnownFileType = sourcecode.swift; path = BloodGlucoseEntry.swift; sourceTree = "<group>"; };
		89CE674F209D7935007F019A /* ComboBolus.swift */ = {isa = PBXFileReference; lastKnownFileType = sourcecode.swift; path = ComboBolus.swift; sourceTree = "<group>"; };
		89CE6754209D7FBF007F019A /* Bolus.swift */ = {isa = PBXFileReference; lastKnownFileType = sourcecode.swift; path = Bolus.swift; sourceTree = "<group>"; };
		89CE675E209E1BA3007F019A /* TemporaryBasal.swift */ = {isa = PBXFileReference; lastKnownFileType = sourcecode.swift; path = TemporaryBasal.swift; sourceTree = "<group>"; };
		89CE6763209E1BDC007F019A /* TemporaryBasalType.swift */ = {isa = PBXFileReference; lastKnownFileType = sourcecode.swift; path = TemporaryBasalType.swift; sourceTree = "<group>"; };
		89D48E34204FA3310066B293 /* DataConvertible.swift */ = {isa = PBXFileReference; lastKnownFileType = sourcecode.swift; path = DataConvertible.swift; sourceTree = "<group>"; };
		89D48E37204FAC0E0066B293 /* AnyJSON.swift */ = {isa = PBXFileReference; lastKnownFileType = sourcecode.swift; path = AnyJSON.swift; sourceTree = "<group>"; };
		89D868A5213DCD5B003582A6 /* Carthage.xcconfig */ = {isa = PBXFileReference; lastKnownFileType = text.xcconfig; path = Carthage.xcconfig; sourceTree = "<group>"; };
		89D8F932206620BE00E8A13B /* BloodGlucoseUnitConvertible.swift */ = {isa = PBXFileReference; lastKnownFileType = sourcecode.swift; path = BloodGlucoseUnitConvertible.swift; sourceTree = "<group>"; };
		89D8F937206623EE00E8A13B /* NightscoutDataStore.swift */ = {isa = PBXFileReference; lastKnownFileType = sourcecode.swift; path = NightscoutDataStore.swift; sourceTree = "<group>"; };
		89D8F93C2066EA9800E8A13B /* TimelineValue.swift */ = {isa = PBXFileReference; lastKnownFileType = sourcecode.swift; path = TimelineValue.swift; sourceTree = "<group>"; };
		89D8F9412066F02A00E8A13B /* NightscoutError.swift */ = {isa = PBXFileReference; lastKnownFileType = sourcecode.swift; path = NightscoutError.swift; sourceTree = "<group>"; };
		89EBF23B209683CF00803A5A /* Date.swift */ = {isa = PBXFileReference; lastKnownFileType = sourcecode.swift; path = Date.swift; sourceTree = "<group>"; };
		89F0D18F20A4BC4F008764B7 /* NightscoutIdentifier.swift */ = {isa = PBXFileReference; lastKnownFileType = sourcecode.swift; path = NightscoutIdentifier.swift; sourceTree = "<group>"; };
		89F0D19420A4BD6A008764B7 /* NightscoutIdentifiable.swift */ = {isa = PBXFileReference; lastKnownFileType = sourcecode.swift; path = NightscoutIdentifiable.swift; sourceTree = "<group>"; };
		89F0D19920A55D54008764B7 /* ProfileSwitchEvent.swift */ = {isa = PBXFileReference; lastKnownFileType = sourcecode.swift; path = ProfileSwitchEvent.swift; sourceTree = "<group>"; };
		89F4C6A02058C0D000C14F93 /* loopdevicestatus.json */ = {isa = PBXFileReference; fileEncoding = 4; lastKnownFileType = text.json; path = loopdevicestatus.json; sourceTree = "<group>"; };
/* End PBXFileReference section */

/* Begin PBXFrameworksBuildPhase section */
		896FF5782048C7510054198A /* Frameworks */ = {
			isa = PBXFrameworksBuildPhase;
			buildActionMask = 2147483647;
			files = (
			);
			runOnlyForDeploymentPostprocessing = 0;
		};
		896FF5822048C7510054198A /* Frameworks */ = {
			isa = PBXFrameworksBuildPhase;
			buildActionMask = 2147483647;
			files = (
				896FF5862048C7510054198A /* NightscoutKit.framework in Frameworks */,
			);
			runOnlyForDeploymentPostprocessing = 0;
		};
/* End PBXFrameworksBuildPhase section */

/* Begin PBXGroup section */
		892BE6E4205D000C009493EE /* NightscoutKit */ = {
			isa = PBXGroup;
			children = (
				8939D04320A8E635009EFFBB /* NightscoutAPIEndpoint.swift */,
				89704BFC2123E2500042284C /* NightscoutDataManager.swift */,
				89D8F937206623EE00E8A13B /* NightscoutDataStore.swift */,
				899FD36D20E1DE8800FDEAA8 /* NightscoutDownloader.swift */,
				899FD37C20E1EA5400FDEAA8 /* NightscoutDownloaderCredentials.swift */,
				899FD38B20E2076D00FDEAA8 /* NightscoutDownloaderObserver.swift */,
				89D8F9412066F02A00E8A13B /* NightscoutError.swift */,
				89AFA450206563E20013C5FB /* NightscoutLogger.swift */,
				8936948D20FEEB9D00C2DAD0 /* NightscoutObserver.swift */,
				8939D03920A8E42E009EFFBB /* NightscoutQueryItem.swift */,
				89AFA446206558A00013C5FB /* NightscoutResult.swift */,
				8939D03320A8E371009EFFBB /* NightscoutRouter.swift */,
				899FD39520FD866600FDEAA8 /* NightscoutUploader.swift */,
				899FD39020FD85B000FDEAA8 /* NightscoutUploaderCredentials.swift */,
				899FD39A20FD868400FDEAA8 /* NightscoutUploaderObserver.swift */,
				899FD37220E1E07500FDEAA8 /* URLSessionProvider.swift */,
				896DCAEF20A7F4EF0059AA30 /* Common */,
				892FBE6B2059E6C2003D74F8 /* Device Status */,
				896DCAF020A7F59C0059AA30 /* Entries */,
				896FF5972048C77A0054198A /* Extensions */,
				892FBE6A2059E6AC003D74F8 /* JSON Parsing */,
				896DCAF220A7F6270059AA30 /* Profiles */,
				896DCAF120A7F61D0059AA30 /* Status */,
				89704BFB2123DA6D0042284C /* Sync Managers */,
				896DCAED20A7F4740059AA30 /* Treatments */,
			);
			path = NightscoutKit;
			sourceTree = "<group>";
		};
		892FBE6A2059E6AC003D74F8 /* JSON Parsing */ = {
			isa = PBXGroup;
			children = (
				89D48E37204FAC0E0066B293 /* AnyJSON.swift */,
				89D48E34204FA3310066B293 /* DataConvertible.swift */,
				896FF5B82048C7A30054198A /* JSONConvertible.swift */,
				896FB45C20507EB10021107F /* JSONKey.swift */,
				896FF5BB2048C7A30054198A /* PartiallyRawRepresentable.swift */,
			);
			path = "JSON Parsing";
			sourceTree = "<group>";
		};
		892FBE6B2059E6C2003D74F8 /* Device Status */ = {
			isa = PBXGroup;
			children = (
				892FBE7E205A0A9D003D74F8 /* AnyClosedLoopStatus.swift */,
				892FBE722059EB0F003D74F8 /* AnyPumpStatus.swift */,
				892FBE6C2059E7C6003D74F8 /* BatteryIndicator.swift */,
				892FBE6E2059E849003D74F8 /* BatteryStatusProtocol.swift */,
				892FBE7C205A09F0003D74F8 /* ClosedLoopStatusProtocol.swift */,
				892FBE7A205A0662003D74F8 /* InsulinOnBoardStatusProtocol.swift */,
				897162222058A21E005D5030 /* LoopDeviceStatus.swift */,
				896FB4602050CEA90021107F /* NightscoutDeviceStatus.swift */,
				896FB46C20520F240021107F /* OpenAPSDeviceStatus.swift */,
				892FBE762059F069003D74F8 /* PredictedBloodGlucoseValue.swift */,
				892FBE702059EA35003D74F8 /* PumpStatusProtocol.swift */,
				892FBE742059EC7D003D74F8 /* UploaderStatusProtocol.swift */,
			);
			path = "Device Status";
			sourceTree = "<group>";
		};
		896DCAED20A7F4740059AA30 /* Treatments */ = {
			isa = PBXGroup;
			children = (
				89CE6754209D7FBF007F019A /* Bolus.swift */,
				896DCAE320A7F2550059AA30 /* BolusEvent.swift */,
				89CE674F209D7935007F019A /* ComboBolus.swift */,
				896A771820A3C0FA00BFC5FF /* ExerciseEvent.swift */,
				896FF59E2048C77B0054198A /* NightscoutTreatment.swift */,
				896A771D20A3C5F000BFC5FF /* NoteEvent.swift */,
				89F0D19920A55D54008764B7 /* ProfileSwitchEvent.swift */,
				89CE675E209E1BA3007F019A /* TemporaryBasal.swift */,
				896DCAE820A7F3250059AA30 /* TemporaryBasalEvent.swift */,
				89CE6763209E1BDC007F019A /* TemporaryBasalType.swift */,
			);
			path = Treatments;
			sourceTree = "<group>";
		};
		896DCAEF20A7F4EF0059AA30 /* Common */ = {
			isa = PBXGroup;
			children = (
				8939D04820A8ECA5009EFFBB /* HTTPMethod.swift */,
				89F0D19420A4BD6A008764B7 /* NightscoutIdentifiable.swift */,
				89F0D18F20A4BC4F008764B7 /* NightscoutIdentifier.swift */,
				892FBE78205A0286003D74F8 /* TemporaryBasalProtocol.swift */,
				896FF59F2048C77B0054198A /* TimeFormatter.swift */,
				891D3C3920A3BCA50024978F /* TimelinePeriod.swift */,
				89D8F93C2066EA9800E8A13B /* TimelineValue.swift */,
				899FD37720E1E1A400FDEAA8 /* Observable.swift */,
				899FD38620E1FE8400FDEAA8 /* WeakBox.swift */,
				89704BE72123D13D0042284C /* SortedArray.swift */,
			);
			path = Common;
			sourceTree = "<group>";
		};
		896DCAF020A7F59C0059AA30 /* Entries */ = {
			isa = PBXGroup;
			children = (
				89CD6855208D5C50007EE41D /* BloodGlucoseEntry.swift */,
				896FF5A52048C77B0054198A /* BloodGlucoseTrend.swift */,
				896FF5A02048C77B0054198A /* BloodGlucoseUnit.swift */,
				89D8F932206620BE00E8A13B /* BloodGlucoseUnitConvertible.swift */,
				892BE73420632970009493EE /* BloodGlucoseValue.swift */,
				892BE720205F87FA009493EE /* DeltaRecordingNighscoutEntry.swift */,
				896FF5A12048C77B0054198A /* NightscoutEntry.swift */,
				892BE725205F8BA2009493EE /* NightscoutEntryProtocol.swift */,
				892BE72A205F8BE5009493EE /* NightscoutEntrySource.swift */,
			);
			path = Entries;
			sourceTree = "<group>";
		};
		896DCAF120A7F61D0059AA30 /* Status */ = {
			isa = PBXGroup;
			children = (
				896FF5A72048C77B0054198A /* NightscoutSettings.swift */,
				896FF5CA2048C9DC0054198A /* NightscoutSnapshot.swift */,
				896FB45E2050BBFC0021107F /* NightscoutStatus.swift */,
			);
			path = Status;
			sourceTree = "<group>";
		};
		896DCAF220A7F6270059AA30 /* Profiles */ = {
			isa = PBXGroup;
			children = (
				896FF5A32048C77B0054198A /* NightscoutProfile.swift */,
				896FF5A42048C77B0054198A /* NightscoutProfileRecord.swift */,
			);
			path = Profiles;
			sourceTree = "<group>";
		};
		896FB4672051053D0021107F /* Frameworks */ = {
			isa = PBXGroup;
			children = (
			);
			name = Frameworks;
			sourceTree = "<group>";
		};
		896FF5722048C7510054198A = {
			isa = PBXGroup;
			children = (
				89D868A5213DCD5B003582A6 /* Carthage.xcconfig */,
				896FF5962048C7640054198A /* Sources */,
				896FF57E2048C7510054198A /* NightscoutKit */,
				896FF5892048C7510054198A /* NightscoutKitTests */,
				896FF57D2048C7510054198A /* Products */,
				896FB4672051053D0021107F /* Frameworks */,
			);
			sourceTree = "<group>";
		};
		896FF57D2048C7510054198A /* Products */ = {
			isa = PBXGroup;
			children = (
				896FF57C2048C7510054198A /* NightscoutKit.framework */,
				896FF5852048C7510054198A /* NightscoutKitTests.xctest */,
			);
			name = Products;
			sourceTree = "<group>";
		};
		896FF57E2048C7510054198A /* NightscoutKit */ = {
			isa = PBXGroup;
			children = (
				896FF57F2048C7510054198A /* NightscoutKit.h */,
				896FF5802048C7510054198A /* Info.plist */,
			);
			path = NightscoutKit;
			sourceTree = "<group>";
		};
		896FF5892048C7510054198A /* NightscoutKitTests */ = {
			isa = PBXGroup;
			children = (
				896FF5C42048C7FC0054198A /* Extensions */,
				896FF5C02048C7FC0054198A /* Fixtures */,
				896FF58A2048C7510054198A /* NightscoutKitTests.swift */,
				896FF58C2048C7510054198A /* Info.plist */,
			);
			path = NightscoutKitTests;
			sourceTree = "<group>";
		};
		896FF5962048C7640054198A /* Sources */ = {
			isa = PBXGroup;
			children = (
				892BE6E4205D000C009493EE /* NightscoutKit */,
			);
			path = Sources;
			sourceTree = "<group>";
		};
		896FF5972048C77A0054198A /* Extensions */ = {
			isa = PBXGroup;
			children = (
				896FF5992048C77A0054198A /* Dictionary.swift */,
				893A991C2069C1C000D41D9A /* RandomAccessCollection.swift */,
				896FF5D1204BB9810054198A /* String.swift */,
				896FF59C2048C77A0054198A /* TimeInterval.swift */,
				896FF59A2048C77A0054198A /* URL.swift */,
				89EBF23B209683CF00803A5A /* Date.swift */,
			);
			path = Extensions;
			sourceTree = "<group>";
		};
		896FF5C02048C7FC0054198A /* Fixtures */ = {
			isa = PBXGroup;
			children = (
				896FF5C12048C7FC0054198A /* treatments.json */,
				896FF5C22048C7FC0054198A /* entries.json */,
				896FF5C32048C7FC0054198A /* profiles.json */,
				896FB470205245240021107F /* openapsstatus.json */,
				89F4C6A02058C0D000C14F93 /* loopdevicestatus.json */,
			);
			path = Fixtures;
			sourceTree = "<group>";
		};
		896FF5C42048C7FC0054198A /* Extensions */ = {
			isa = PBXGroup;
			children = (
				896FF5C52048C7FC0054198A /* XCTestCase.swift */,
			);
			path = Extensions;
			sourceTree = "<group>";
		};
		89704BFB2123DA6D0042284C /* Sync Managers */ = {
			isa = PBXGroup;
			children = (
				89704BF62123D99D0042284C /* NightscoutProfileRecordSyncManager.swift */,
				89704BF12123D8B70042284C /* NightscoutTreatmentSyncManager.swift */,
				89704BE22123D1150042284C /* SyncManager.swift */,
			);
			path = "Sync Managers";
			sourceTree = "<group>";
		};
/* End PBXGroup section */

/* Begin PBXHeadersBuildPhase section */
		896FF5792048C7510054198A /* Headers */ = {
			isa = PBXHeadersBuildPhase;
			buildActionMask = 2147483647;
			files = (
				896FF58D2048C7510054198A /* NightscoutKit.h in Headers */,
			);
			runOnlyForDeploymentPostprocessing = 0;
		};
/* End PBXHeadersBuildPhase section */

/* Begin PBXNativeTarget section */
		896FF57B2048C7510054198A /* NightscoutKit */ = {
			isa = PBXNativeTarget;
			buildConfigurationList = 896FF5902048C7510054198A /* Build configuration list for PBXNativeTarget "NightscoutKit" */;
			buildPhases = (
				896FF5772048C7510054198A /* Sources */,
				896FF5782048C7510054198A /* Frameworks */,
				896FF5792048C7510054198A /* Headers */,
				896FF57A2048C7510054198A /* Resources */,
			);
			buildRules = (
			);
			dependencies = (
			);
			name = NightscoutKit;
			productName = NightscoutKit;
			productReference = 896FF57C2048C7510054198A /* NightscoutKit.framework */;
			productType = "com.apple.product-type.framework";
		};
		896FF5842048C7510054198A /* NightscoutKitTests */ = {
			isa = PBXNativeTarget;
			buildConfigurationList = 896FF5932048C7510054198A /* Build configuration list for PBXNativeTarget "NightscoutKitTests" */;
			buildPhases = (
				896FF5812048C7510054198A /* Sources */,
				896FF5822048C7510054198A /* Frameworks */,
				896FF5832048C7510054198A /* Resources */,
				89D868A7213DD013003582A6 /* Copy Carthage Frameworks */,
			);
			buildRules = (
			);
			dependencies = (
				896FF5882048C7510054198A /* PBXTargetDependency */,
			);
			name = NightscoutKitTests;
			productName = NightscoutKitTests;
			productReference = 896FF5852048C7510054198A /* NightscoutKitTests.xctest */;
			productType = "com.apple.product-type.bundle.unit-test";
		};
/* End PBXNativeTarget section */

/* Begin PBXProject section */
		896FF5732048C7510054198A /* Project object */ = {
			isa = PBXProject;
			attributes = {
				LastSwiftUpdateCheck = 0920;
				LastUpgradeCheck = 0930;
				ORGANIZATIONNAME = "Michael Pangburn";
				TargetAttributes = {
					896FF57B2048C7510054198A = {
						CreatedOnToolsVersion = 9.2;
						LastSwiftMigration = 1000;
						ProvisioningStyle = Automatic;
					};
					896FF5842048C7510054198A = {
						CreatedOnToolsVersion = 9.2;
						LastSwiftMigration = 1000;
						ProvisioningStyle = Automatic;
					};
				};
			};
			buildConfigurationList = 896FF5762048C7510054198A /* Build configuration list for PBXProject "NightscoutKit" */;
			compatibilityVersion = "Xcode 8.0";
			developmentRegion = en;
			hasScannedForEncodings = 0;
			knownRegions = (
				en,
			);
			mainGroup = 896FF5722048C7510054198A;
			productRefGroup = 896FF57D2048C7510054198A /* Products */;
			projectDirPath = "";
			projectRoot = "";
			targets = (
				896FF57B2048C7510054198A /* NightscoutKit */,
				896FF5842048C7510054198A /* NightscoutKitTests */,
			);
		};
/* End PBXProject section */

/* Begin PBXResourcesBuildPhase section */
		896FF57A2048C7510054198A /* Resources */ = {
			isa = PBXResourcesBuildPhase;
			buildActionMask = 2147483647;
			files = (
			);
			runOnlyForDeploymentPostprocessing = 0;
		};
		896FF5832048C7510054198A /* Resources */ = {
			isa = PBXResourcesBuildPhase;
			buildActionMask = 2147483647;
			files = (
				896FF5C82048C7FC0054198A /* profiles.json in Resources */,
				896FF5C72048C7FC0054198A /* entries.json in Resources */,
				896FB471205245240021107F /* openapsstatus.json in Resources */,
				89F4C6A12058C0D000C14F93 /* loopdevicestatus.json in Resources */,
				896FF5C62048C7FC0054198A /* treatments.json in Resources */,
			);
			runOnlyForDeploymentPostprocessing = 0;
		};
/* End PBXResourcesBuildPhase section */

/* Begin PBXShellScriptBuildPhase section */
		89D868A7213DD013003582A6 /* Copy Carthage Frameworks */ = {
			isa = PBXShellScriptBuildPhase;
			buildActionMask = 2147483647;
			files = (
			);
			inputFileListPaths = (
			);
			inputPaths = (
				Oxygen,
			);
			name = "Copy Carthage Frameworks";
			outputFileListPaths = (
			);
			outputPaths = (
			);
			runOnlyForDeploymentPostprocessing = 0;
			shellPath = /bin/sh;
			shellScript = "case \"$PLATFORM_NAME\" in\nmacosx) plat=Mac;;\niphone*) plat=iOS;;\nwatch*) plat=watchOS;;\ntv*) plat=tvOS;;\nappletv*) plat=tvOS;;\n*) echo \"error: Unknown PLATFORM_NAME: $PLATFORM_NAME\"; exit 1;;\nesac\nfor (( n = 0; n < SCRIPT_INPUT_FILE_COUNT; n++ )); do\nVAR=SCRIPT_INPUT_FILE_$n\nframework=$(basename \"${!VAR}\")\nexport SCRIPT_INPUT_FILE_$n=\"$SRCROOT\"/Carthage/Build/$plat/\"$framework\".framework\ndone\n\n${CARTHAGE:-/usr/local/bin/carthage} copy-frameworks || exit\n\nfor (( n = 0; n < SCRIPT_INPUT_FILE_COUNT; n++ )); do\nVAR=SCRIPT_INPUT_FILE_$n\nsource=${!VAR}.dSYM\ndest=${BUILT_PRODUCTS_DIR}/$(basename \"$source\")\nditto \"$source\" \"$dest\" || exit\ndone\n";
		};
/* End PBXShellScriptBuildPhase section */

/* Begin PBXSourcesBuildPhase section */
		896FF5772048C7510054198A /* Sources */ = {
			isa = PBXSourcesBuildPhase;
			buildActionMask = 2147483647;
			files = (
				897162232058A21E005D5030 /* LoopDeviceStatus.swift in Sources */,
				896DCAE920A7F3250059AA30 /* TemporaryBasalEvent.swift in Sources */,
				89D48E39204FAC6A0066B293 /* AnyJSON.swift in Sources */,
				899FD36E20E1DE8800FDEAA8 /* NightscoutDownloader.swift in Sources */,
				896FB45F2050BBFC0021107F /* NightscoutStatus.swift in Sources */,
				892FBE7D205A09F0003D74F8 /* ClosedLoopStatusProtocol.swift in Sources */,
				896FF5D2204BB9810054198A /* String.swift in Sources */,
				893A991D2069C1C000D41D9A /* RandomAccessCollection.swift in Sources */,
				8936948E20FEEB9D00C2DAD0 /* NightscoutObserver.swift in Sources */,
				89704BF22123D8B70042284C /* NightscoutTreatmentSyncManager.swift in Sources */,
				896FF5AC2048C77B0054198A /* TimeInterval.swift in Sources */,
				896FF5B02048C77B0054198A /* NightscoutEntry.swift in Sources */,
				89CE6750209D7935007F019A /* ComboBolus.swift in Sources */,
				8939D04920A8ECA5009EFFBB /* HTTPMethod.swift in Sources */,
				8939D03A20A8E42E009EFFBB /* NightscoutQueryItem.swift in Sources */,
				892FBE712059EA35003D74F8 /* PumpStatusProtocol.swift in Sources */,
				89AFA451206563E20013C5FB /* NightscoutLogger.swift in Sources */,
				892BE721205F87FA009493EE /* DeltaRecordingNighscoutEntry.swift in Sources */,
				89F0D19A20A55D54008764B7 /* ProfileSwitchEvent.swift in Sources */,
				896FF5AE2048C77B0054198A /* TimeFormatter.swift in Sources */,
				89D8F938206623EE00E8A13B /* NightscoutDataStore.swift in Sources */,
				896FB45D20507EB10021107F /* JSONKey.swift in Sources */,
				899FD39620FD866600FDEAA8 /* NightscoutUploader.swift in Sources */,
				89704BFD2123E2500042284C /* NightscoutDataManager.swift in Sources */,
				896FF5AF2048C77B0054198A /* BloodGlucoseUnit.swift in Sources */,
				899FD38720E1FE8400FDEAA8 /* WeakBox.swift in Sources */,
				896FF5AD2048C77B0054198A /* NightscoutTreatment.swift in Sources */,
				89CD6856208D5C50007EE41D /* BloodGlucoseEntry.swift in Sources */,
				89EBF23C209683CF00803A5A /* Date.swift in Sources */,
				89CE6764209E1BDC007F019A /* TemporaryBasalType.swift in Sources */,
				896FF5BC2048C7A30054198A /* JSONConvertible.swift in Sources */,
				892BE726205F8BA2009493EE /* NightscoutEntryProtocol.swift in Sources */,
				896FB4612050CEA90021107F /* NightscoutDeviceStatus.swift in Sources */,
				89D8F9422066F02A00E8A13B /* NightscoutError.swift in Sources */,
				899FD39B20FD868400FDEAA8 /* NightscoutUploaderObserver.swift in Sources */,
				8939D03420A8E371009EFFBB /* NightscoutRouter.swift in Sources */,
				892FBE79205A0286003D74F8 /* TemporaryBasalProtocol.swift in Sources */,
				899FD39120FD85B000FDEAA8 /* NightscoutUploaderCredentials.swift in Sources */,
				896DCAE420A7F2550059AA30 /* BolusEvent.swift in Sources */,
				899FD38C20E2076D00FDEAA8 /* NightscoutDownloaderObserver.swift in Sources */,
				89704BF72123D99D0042284C /* NightscoutProfileRecordSyncManager.swift in Sources */,
				896FF5A92048C77B0054198A /* Dictionary.swift in Sources */,
				892FBE6F2059E849003D74F8 /* BatteryStatusProtocol.swift in Sources */,
				892FBE752059EC7D003D74F8 /* UploaderStatusProtocol.swift in Sources */,
				892FBE7F205A0A9D003D74F8 /* AnyClosedLoopStatus.swift in Sources */,
				89704BE82123D13D0042284C /* SortedArray.swift in Sources */,
				892BE73520632970009493EE /* BloodGlucoseValue.swift in Sources */,
				896A771E20A3C5F000BFC5FF /* NoteEvent.swift in Sources */,
				89F0D19520A4BD6A008764B7 /* NightscoutIdentifiable.swift in Sources */,
				89F0D19020A4BC4F008764B7 /* NightscoutIdentifier.swift in Sources */,
				891D3C3A20A3BCA50024978F /* TimelinePeriod.swift in Sources */,
				89CE6755209D7FBF007F019A /* Bolus.swift in Sources */,
				896FF5B22048C77B0054198A /* NightscoutProfile.swift in Sources */,
				8939D04420A8E635009EFFBB /* NightscoutAPIEndpoint.swift in Sources */,
				896FF5AA2048C77B0054198A /* URL.swift in Sources */,
				892FBE6D2059E7C6003D74F8 /* BatteryIndicator.swift in Sources */,
				899FD37D20E1EA5400FDEAA8 /* NightscoutDownloaderCredentials.swift in Sources */,
				892FBE732059EB0F003D74F8 /* AnyPumpStatus.swift in Sources */,
				89D8F93D2066EA9800E8A13B /* TimelineValue.swift in Sources */,
				89D8F933206620BE00E8A13B /* BloodGlucoseUnitConvertible.swift in Sources */,
				892BE72B205F8BE5009493EE /* NightscoutEntrySource.swift in Sources */,
				896FF5B42048C77B0054198A /* BloodGlucoseTrend.swift in Sources */,
				89AFA447206558A00013C5FB /* NightscoutResult.swift in Sources */,
				892FBE772059F069003D74F8 /* PredictedBloodGlucoseValue.swift in Sources */,
				89D48E36204FA3980066B293 /* DataConvertible.swift in Sources */,
				899FD37820E1E1A400FDEAA8 /* Observable.swift in Sources */,
				899FD37320E1E07500FDEAA8 /* URLSessionProvider.swift in Sources */,
				89704BE32123D1150042284C /* SyncManager.swift in Sources */,
				896FF5B32048C77B0054198A /* NightscoutProfileRecord.swift in Sources */,
				896A771920A3C0FA00BFC5FF /* ExerciseEvent.swift in Sources */,
				892FBE7B205A0662003D74F8 /* InsulinOnBoardStatusProtocol.swift in Sources */,
				896FF5B62048C77B0054198A /* NightscoutSettings.swift in Sources */,
				896FB46D20520F240021107F /* OpenAPSDeviceStatus.swift in Sources */,
				89CE675F209E1BA3007F019A /* TemporaryBasal.swift in Sources */,
				896FF5BF2048C7A30054198A /* PartiallyRawRepresentable.swift in Sources */,
				896FF5CB2048C9DC0054198A /* NightscoutSnapshot.swift in Sources */,
			);
			runOnlyForDeploymentPostprocessing = 0;
		};
		896FF5812048C7510054198A /* Sources */ = {
			isa = PBXSourcesBuildPhase;
			buildActionMask = 2147483647;
			files = (
				896FF5C92048C7FC0054198A /* XCTestCase.swift in Sources */,
				896FF58B2048C7510054198A /* NightscoutKitTests.swift in Sources */,
			);
			runOnlyForDeploymentPostprocessing = 0;
		};
/* End PBXSourcesBuildPhase section */

/* Begin PBXTargetDependency section */
		896FF5882048C7510054198A /* PBXTargetDependency */ = {
			isa = PBXTargetDependency;
			target = 896FF57B2048C7510054198A /* NightscoutKit */;
			targetProxy = 896FF5872048C7510054198A /* PBXContainerItemProxy */;
		};
/* End PBXTargetDependency section */

/* Begin XCBuildConfiguration section */
		896FF58E2048C7510054198A /* Debug */ = {
			isa = XCBuildConfiguration;
			baseConfigurationReference = 89D868A5213DCD5B003582A6 /* Carthage.xcconfig */;
			buildSettings = {
				ALWAYS_SEARCH_USER_PATHS = NO;
				CLANG_ANALYZER_NONNULL = YES;
				CLANG_ANALYZER_NUMBER_OBJECT_CONVERSION = YES_AGGRESSIVE;
				CLANG_CXX_LANGUAGE_STANDARD = "gnu++14";
				CLANG_CXX_LIBRARY = "libc++";
				CLANG_ENABLE_MODULES = YES;
				CLANG_ENABLE_OBJC_ARC = YES;
				CLANG_WARN_BLOCK_CAPTURE_AUTORELEASING = YES;
				CLANG_WARN_BOOL_CONVERSION = YES;
				CLANG_WARN_COMMA = YES;
				CLANG_WARN_CONSTANT_CONVERSION = YES;
				CLANG_WARN_DEPRECATED_OBJC_IMPLEMENTATIONS = YES;
				CLANG_WARN_DIRECT_OBJC_ISA_USAGE = YES_ERROR;
				CLANG_WARN_DOCUMENTATION_COMMENTS = YES;
				CLANG_WARN_EMPTY_BODY = YES;
				CLANG_WARN_ENUM_CONVERSION = YES;
				CLANG_WARN_INFINITE_RECURSION = YES;
				CLANG_WARN_INT_CONVERSION = YES;
				CLANG_WARN_NON_LITERAL_NULL_CONVERSION = YES;
				CLANG_WARN_OBJC_IMPLICIT_RETAIN_SELF = YES;
				CLANG_WARN_OBJC_LITERAL_CONVERSION = YES;
				CLANG_WARN_OBJC_ROOT_CLASS = YES_ERROR;
				CLANG_WARN_RANGE_LOOP_ANALYSIS = YES;
				CLANG_WARN_STRICT_PROTOTYPES = YES;
				CLANG_WARN_SUSPICIOUS_MOVE = YES;
				CLANG_WARN_UNGUARDED_AVAILABILITY = YES_AGGRESSIVE;
				CLANG_WARN_UNREACHABLE_CODE = YES;
				CLANG_WARN__DUPLICATE_METHOD_MATCH = YES;
				CODE_SIGN_IDENTITY = "iPhone Developer";
				COPY_PHASE_STRIP = NO;
				CURRENT_PROJECT_VERSION = 1;
				DEBUG_INFORMATION_FORMAT = dwarf;
				ENABLE_STRICT_OBJC_MSGSEND = YES;
				ENABLE_TESTABILITY = YES;
				GCC_C_LANGUAGE_STANDARD = gnu11;
				GCC_DYNAMIC_NO_PIC = NO;
				GCC_NO_COMMON_BLOCKS = YES;
				GCC_OPTIMIZATION_LEVEL = 0;
				GCC_PREPROCESSOR_DEFINITIONS = (
					"DEBUG=1",
					"$(inherited)",
				);
				GCC_WARN_64_TO_32_BIT_CONVERSION = YES;
				GCC_WARN_ABOUT_RETURN_TYPE = YES_ERROR;
				GCC_WARN_UNDECLARED_SELECTOR = YES;
				GCC_WARN_UNINITIALIZED_AUTOS = YES_AGGRESSIVE;
				GCC_WARN_UNUSED_FUNCTION = YES;
				GCC_WARN_UNUSED_VARIABLE = YES;
				IPHONEOS_DEPLOYMENT_TARGET = 10.0;
				MACOSX_DEPLOYMENT_TARGET = 10.12;
				MTL_ENABLE_DEBUG_INFO = YES;
				ONLY_ACTIVE_ARCH = YES;
				PRODUCT_NAME = "$(PROJECT_NAME)";
				SDKROOT = "";
				SUPPORTED_PLATFORMS = "macosx watchsimulator watchos iphonesimulator iphoneos appletvsimulator appletvos";
				SWIFT_ACTIVE_COMPILATION_CONDITIONS = DEBUG;
				SWIFT_OPTIMIZATION_LEVEL = "-Onone";
				SWIFT_VERSION = 4.0;
				TVOS_DEPLOYMENT_TARGET = 11.0;
				VERSIONING_SYSTEM = "apple-generic";
				VERSION_INFO_PREFIX = "";
				WATCHOS_DEPLOYMENT_TARGET = 4.0;
			};
			name = Debug;
		};
		896FF58F2048C7510054198A /* Release */ = {
			isa = XCBuildConfiguration;
			baseConfigurationReference = 89D868A5213DCD5B003582A6 /* Carthage.xcconfig */;
			buildSettings = {
				ALWAYS_SEARCH_USER_PATHS = NO;
				CLANG_ANALYZER_NONNULL = YES;
				CLANG_ANALYZER_NUMBER_OBJECT_CONVERSION = YES_AGGRESSIVE;
				CLANG_CXX_LANGUAGE_STANDARD = "gnu++14";
				CLANG_CXX_LIBRARY = "libc++";
				CLANG_ENABLE_MODULES = YES;
				CLANG_ENABLE_OBJC_ARC = YES;
				CLANG_WARN_BLOCK_CAPTURE_AUTORELEASING = YES;
				CLANG_WARN_BOOL_CONVERSION = YES;
				CLANG_WARN_COMMA = YES;
				CLANG_WARN_CONSTANT_CONVERSION = YES;
				CLANG_WARN_DEPRECATED_OBJC_IMPLEMENTATIONS = YES;
				CLANG_WARN_DIRECT_OBJC_ISA_USAGE = YES_ERROR;
				CLANG_WARN_DOCUMENTATION_COMMENTS = YES;
				CLANG_WARN_EMPTY_BODY = YES;
				CLANG_WARN_ENUM_CONVERSION = YES;
				CLANG_WARN_INFINITE_RECURSION = YES;
				CLANG_WARN_INT_CONVERSION = YES;
				CLANG_WARN_NON_LITERAL_NULL_CONVERSION = YES;
				CLANG_WARN_OBJC_IMPLICIT_RETAIN_SELF = YES;
				CLANG_WARN_OBJC_LITERAL_CONVERSION = YES;
				CLANG_WARN_OBJC_ROOT_CLASS = YES_ERROR;
				CLANG_WARN_RANGE_LOOP_ANALYSIS = YES;
				CLANG_WARN_STRICT_PROTOTYPES = YES;
				CLANG_WARN_SUSPICIOUS_MOVE = YES;
				CLANG_WARN_UNGUARDED_AVAILABILITY = YES_AGGRESSIVE;
				CLANG_WARN_UNREACHABLE_CODE = YES;
				CLANG_WARN__DUPLICATE_METHOD_MATCH = YES;
				CODE_SIGN_IDENTITY = "iPhone Developer";
				COPY_PHASE_STRIP = NO;
				CURRENT_PROJECT_VERSION = 1;
				DEBUG_INFORMATION_FORMAT = "dwarf-with-dsym";
				ENABLE_NS_ASSERTIONS = NO;
				ENABLE_STRICT_OBJC_MSGSEND = YES;
				GCC_C_LANGUAGE_STANDARD = gnu11;
				GCC_NO_COMMON_BLOCKS = YES;
				GCC_WARN_64_TO_32_BIT_CONVERSION = YES;
				GCC_WARN_ABOUT_RETURN_TYPE = YES_ERROR;
				GCC_WARN_UNDECLARED_SELECTOR = YES;
				GCC_WARN_UNINITIALIZED_AUTOS = YES_AGGRESSIVE;
				GCC_WARN_UNUSED_FUNCTION = YES;
				GCC_WARN_UNUSED_VARIABLE = YES;
				IPHONEOS_DEPLOYMENT_TARGET = 10.0;
				MACOSX_DEPLOYMENT_TARGET = 10.12;
				MTL_ENABLE_DEBUG_INFO = NO;
				PRODUCT_NAME = "$(PROJECT_NAME)";
				SDKROOT = "";
				SUPPORTED_PLATFORMS = "macosx watchsimulator watchos iphonesimulator iphoneos appletvsimulator appletvos";
				SWIFT_OPTIMIZATION_LEVEL = "-Owholemodule";
				SWIFT_VERSION = 4.0;
				TVOS_DEPLOYMENT_TARGET = 11.0;
				VALIDATE_PRODUCT = YES;
				VERSIONING_SYSTEM = "apple-generic";
				VERSION_INFO_PREFIX = "";
				WATCHOS_DEPLOYMENT_TARGET = 4.0;
			};
			name = Release;
		};
		896FF5912048C7510054198A /* Debug */ = {
			isa = XCBuildConfiguration;
			buildSettings = {
				CLANG_ALLOW_NON_MODULAR_INCLUDES_IN_FRAMEWORK_MODULES = NO;
				CODE_SIGN_IDENTITY = "";
				CODE_SIGN_STYLE = Automatic;
				DEFINES_MODULE = YES;
				DEVELOPMENT_TEAM = "";
				DYLIB_COMPATIBILITY_VERSION = 1;
				DYLIB_CURRENT_VERSION = 1;
				DYLIB_INSTALL_NAME_BASE = "@rpath";
				FRAMEWORK_SEARCH_PATHS = "$(inherited)";
				INFOPLIST_FILE = NightscoutKit/Info.plist;
				INSTALL_PATH = "$(LOCAL_LIBRARY_DIR)/Frameworks";
				IPHONEOS_DEPLOYMENT_TARGET = 10.0;
				LD_RUNPATH_SEARCH_PATHS = "$(inherited) @executable_path/Frameworks @loader_path/Frameworks";
				PRODUCT_BUNDLE_IDENTIFIER = com.mpangburn.NightscoutKit;
				SDKROOT = "";
				SKIP_INSTALL = YES;
				SUPPORTED_PLATFORMS = "iphonesimulator iphoneos watchos macosx appletvsimulator appletvos watchsimulator";
				SWIFT_OBJC_BRIDGING_HEADER = "";
				SWIFT_VERSION = 4.2;
				TARGETED_DEVICE_FAMILY = "1,2,3,4";
			};
			name = Debug;
		};
		896FF5922048C7510054198A /* Release */ = {
			isa = XCBuildConfiguration;
			buildSettings = {
				CLANG_ALLOW_NON_MODULAR_INCLUDES_IN_FRAMEWORK_MODULES = NO;
				CODE_SIGN_IDENTITY = "";
				CODE_SIGN_STYLE = Automatic;
				DEFINES_MODULE = YES;
				DEVELOPMENT_TEAM = "";
				DYLIB_COMPATIBILITY_VERSION = 1;
				DYLIB_CURRENT_VERSION = 1;
				DYLIB_INSTALL_NAME_BASE = "@rpath";
				FRAMEWORK_SEARCH_PATHS = "$(inherited)";
				INFOPLIST_FILE = NightscoutKit/Info.plist;
				INSTALL_PATH = "$(LOCAL_LIBRARY_DIR)/Frameworks";
				IPHONEOS_DEPLOYMENT_TARGET = 10.0;
				LD_RUNPATH_SEARCH_PATHS = "$(inherited) @executable_path/Frameworks @loader_path/Frameworks";
				PRODUCT_BUNDLE_IDENTIFIER = com.mpangburn.NightscoutKit;
				SDKROOT = "";
				SKIP_INSTALL = YES;
				SUPPORTED_PLATFORMS = "iphonesimulator iphoneos watchos macosx appletvsimulator appletvos watchsimulator";
				SWIFT_OBJC_BRIDGING_HEADER = "";
				SWIFT_VERSION = 4.2;
				TARGETED_DEVICE_FAMILY = "1,2,3,4";
			};
			name = Release;
		};
		896FF5942048C7510054198A /* Debug */ = {
			isa = XCBuildConfiguration;
			buildSettings = {
				ALWAYS_EMBED_SWIFT_STANDARD_LIBRARIES = YES;
				CODE_SIGN_STYLE = Automatic;
				DEVELOPMENT_TEAM = 5Q5Q8W9ATZ;
				INFOPLIST_FILE = NightscoutKitTests/Info.plist;
				LD_RUNPATH_SEARCH_PATHS = "$(inherited) @executable_path/Frameworks @loader_path/Frameworks";
				PRODUCT_BUNDLE_IDENTIFIER = com.mpangburn.NightscoutKitTests;
				PRODUCT_NAME = "$(TARGET_NAME)";
				SWIFT_VERSION = 4.2;
				TARGETED_DEVICE_FAMILY = "1,2";
			};
			name = Debug;
		};
		896FF5952048C7510054198A /* Release */ = {
			isa = XCBuildConfiguration;
			buildSettings = {
				ALWAYS_EMBED_SWIFT_STANDARD_LIBRARIES = YES;
				CODE_SIGN_STYLE = Automatic;
				DEVELOPMENT_TEAM = 5Q5Q8W9ATZ;
				INFOPLIST_FILE = NightscoutKitTests/Info.plist;
				LD_RUNPATH_SEARCH_PATHS = "$(inherited) @executable_path/Frameworks @loader_path/Frameworks";
				PRODUCT_BUNDLE_IDENTIFIER = com.mpangburn.NightscoutKitTests;
				PRODUCT_NAME = "$(TARGET_NAME)";
				SWIFT_VERSION = 4.2;
				TARGETED_DEVICE_FAMILY = "1,2";
			};
			name = Release;
		};
/* End XCBuildConfiguration section */

/* Begin XCConfigurationList section */
		896FF5762048C7510054198A /* Build configuration list for PBXProject "NightscoutKit" */ = {
			isa = XCConfigurationList;
			buildConfigurations = (
				896FF58E2048C7510054198A /* Debug */,
				896FF58F2048C7510054198A /* Release */,
			);
			defaultConfigurationIsVisible = 0;
			defaultConfigurationName = Release;
		};
		896FF5902048C7510054198A /* Build configuration list for PBXNativeTarget "NightscoutKit" */ = {
			isa = XCConfigurationList;
			buildConfigurations = (
				896FF5912048C7510054198A /* Debug */,
				896FF5922048C7510054198A /* Release */,
			);
			defaultConfigurationIsVisible = 0;
			defaultConfigurationName = Release;
		};
		896FF5932048C7510054198A /* Build configuration list for PBXNativeTarget "NightscoutKitTests" */ = {
			isa = XCConfigurationList;
			buildConfigurations = (
				896FF5942048C7510054198A /* Debug */,
				896FF5952048C7510054198A /* Release */,
			);
			defaultConfigurationIsVisible = 0;
			defaultConfigurationName = Release;
		};
/* End XCConfigurationList section */
	};
	rootObject = 896FF5732048C7510054198A /* Project object */;
}
